schema: '2.0'
stages:
  data_ingestion:
    cmd: python src/data/data_ingestion.py
    deps:
    - path: src/data/data_ingestion.py
      hash: md5
      md5: 908cf1642af52902b0a72b2d04a9df1e
      size: 1438
    params:
      params.yaml:
        data_ingestion.test_size: 0.2
    outs:
    - path: data\raw
      hash: md5
      md5: fb326d2eec197669f9638afde28356bf.dir
      size: 827973
      nfiles: 2
  data_preprocessing:
    cmd: python src/data/data_preprocessing.py
    deps:
    - path: data/raw
      hash: md5
      md5: fb326d2eec197669f9638afde28356bf.dir
      size: 827973
      nfiles: 2
    - path: src/data/data_preprocessing.py
      hash: md5
      md5: 6b0a3aaf4b852b0e324a622609f36c7f
      size: 3173
    outs:
    - path: data/interim
      hash: md5
      md5: ef37afd17951ea8af23114b28d26f784.dir
      size: 566210
      nfiles: 2
  data_features:
    cmd: python src/features/data_features.py
    deps:
    - path: data/interim
      hash: md5
      md5: ef37afd17951ea8af23114b28d26f784.dir
      size: 566210
      nfiles: 2
    - path: src/features/data_features.py
      hash: md5
      md5: e2f5b6d38d58d4fff18c0a2d8d7bf835
      size: 2238
    params:
      params.yaml:
        data_features.max_features: 2000
    outs:
    - path: data/processed
      hash: md5
      md5: c6169fd1c879c1df1c895a58e0fa3551.dir
      size: 41552006
      nfiles: 2
  model_building:
    cmd: python src/model/model_building.py
    deps:
    - path: data/processed
      hash: md5
      md5: c6169fd1c879c1df1c895a58e0fa3551.dir
      size: 41552006
      nfiles: 2
    - path: src/model/model_building.py
      hash: md5
      md5: ac76b16cdde73c4baf0464356890dbd8
      size: 1488
    params:
      params.yaml:
        model_building.max_depth: 5
        model_building.n_estimators: 200
    outs:
    - path: models/model.pkl
      hash: md5
      md5: 4258665674fd7ffcee16c57e2d35e952
      size: 304354
  model_evalution:
    cmd: python src/model/model_evalution.py
    deps:
    - path: models/model.pkl
      hash: md5
      md5: 4258665674fd7ffcee16c57e2d35e952
      size: 304354
    - path: src/model/model_evalution.py
      hash: md5
      md5: 70215fadef27baf3a08b06adf8064ab7
      size: 1455
    outs:
    - path: reports/metrics.json
      hash: md5
      md5: 727f60222773e31431cc6192fde0649a
      size: 145
